
Microsoft Visual Studio Solution File, Format Version 12.00
# Visual Studio Version 16
VisualStudioVersion = 25.0.1706.12
MinimumVisualStudioVersion = 10.0.40219.1
Project("{FAE04EC0-301F-11D3-BF4B-00C04F79EFBC}") = "APICrud", "APICrud\APICrud.csproj", "{02D1A093-767C-402A-B4BE-CFA982CF3895}"
EndProject
Global
	GlobalSection(SolutionConfigurationPlatforms) = preSolution
		Debug|Any CPU = Debug|Any CPU
		Release|Any CPU = Release|Any CPU
	EndGlobalSection
	GlobalSection(ProjectConfigurationPlatforms) = postSolution
		{02D1A093-767C-402A-B4BE-CFA982CF3895}.Debug|Any CPU.ActiveCfg = Debug|Any CPU
		{02D1A093-767C-402A-B4BE-CFA982CF3895}.Debug|Any CPU.Build.0 = Debug|Any CPU
		{02D1A093-767C-402A-B4BE-CFA982CF3895}.Release|Any CPU.ActiveCfg = Release|Any CPU
		{02D1A093-767C-402A-B4BE-CFA982CF3895}.Release|Any CPU.Build.0 = Release|Any CPU
	EndGlobalSection
	GlobalSection(SolutionProperties) = preSolution
		HideSolutionNode = FALSE
	EndGlobalSection
	GlobalSection(ExtensibilityGlobals) = postSolution
		SolutionGuid = {5FE82916-8087-43D0-9B89-A60A6750E1C9}
	EndGlobalSection
EndGlobal
